{
  "name": "conchayoro",
  "version": "1.0.0",
  "lockfileVersion": 3,
  "requires": true,
  "packages": {
    "": {
      "name": "conchayoro",
      "version": "1.0.0",
      "license": "ISC",
      "dependencies": {
        "@vercel/flags": "^2.6.3"
      }
    },
    "node_modules/@vercel/flags": {
      "version": "2.6.3",
      "resolved": "https://registry.npmjs.org/@vercel/flags/-/flags-2.6.3.tgz",
      "integrity": "sha512-knLDYS8MCc/zx4FF6KRzHQzAKdo8VQ3V0PEBI5WvRlFIhcqhcEomxHoK41/xMnNEQvUzETACHw610/i/pVwYSA==",
      "license": "MIT",
      "dependencies": {
        "jose": "5.2.1"
      },
      "peerDependencies": {
        "@sveltejs/kit": "*",
        "next": "*",
        "react": "*",
        "react-dom": "*"
      },
      "peerDependenciesMeta": {
        "@sveltejs/kit": {
          "optional": true
        },
        "next": {
          "optional": true
        },
        "react": {
          "optional": true
        },
        "react-dom": {
          "optional": true
        }
      }
    },
    "node_modules/jose": {
      "version": "5.2.1",
      "resolved": "https://registry.npmjs.org/jose/-/jose-5.2.1.tgz",
      "integrity": "sha512-qiaQhtQRw6YrOaOj0v59h3R6hUY9NvxBmmnMfKemkqYmBB0tEc97NbLP7ix44VP5p9/0YHG8Vyhzuo5YBNwviA==",
      "license": "MIT",
      "funding": {
        "url": "https://github.com/sponsors/panva"
      }
    }
  }
}
